
Microsoft Visual Studio Solution File, Format Version 12.00
# Visual Studio Version 17
VisualStudioVersion = 17.0.31903.59
MinimumVisualStudioVersion = 10.0.40219.1
Project("{6EC3EE1D-3C4E-46DD-8F32-0CC8E7565705}") = "Fun.SunUI.Core", "Fun.SunUI.Core\Fun.SunUI.Core.fsproj", "{89E46331-258C-4F7A-9CB4-63748408A9F2}"
EndProject
Project("{6EC3EE1D-3C4E-46DD-8F32-0CC8E7565705}") = "Fun.SunUI.ModernForms", "Fun.SunUI.ModernForms\Fun.SunUI.ModernForms.fsproj", "{6F515D20-EC5E-4AEC-ACDE-7C19E43DC6B7}"
EndProject
Project("{6EC3EE1D-3C4E-46DD-8F32-0CC8E7565705}") = "Fun.SunUI.ModernForms.Demo", "Fun.SunUI.ModernForms.Demo\Fun.SunUI.ModernForms.Demo.fsproj", "{4C8017B4-3CB2-4541-A263-0501163C7C50}"
EndProject
Project("{6EC3EE1D-3C4E-46DD-8F32-0CC8E7565705}") = "Fun.SunUI.ModernForms.Generator", "Fun.SunUI.ModernForms.Generator\Fun.SunUI.ModernForms.Generator.fsproj", "{703E7DDF-FA0E-41B4-9FE2-2C643DD90EF8}"
EndProject
Project("{F2A71F9B-5D33-465A-A702-920D77279786}") = "Fun.SunUI.Generator", "Fun.SunUI.Generator\Fun.SunUI.Generator.fsproj", "{2F9E615E-BDEB-4E7F-8851-F7F817F1ADB3}"
EndProject
Project("{F2A71F9B-5D33-465A-A702-920D77279786}") = "Fun.SunUI.WinForms", "Fun.SunUI.WinForms\Fun.SunUI.WinForms.fsproj", "{23405F60-DB5F-44C2-B5C7-290F7FA0E6BD}"
EndProject
Project("{F2A71F9B-5D33-465A-A702-920D77279786}") = "Fun.SunUI.WinForms.Demo", "Fun.SunUI.WinForms.Demo\Fun.SunUI.WinForms.Demo.fsproj", "{483A4598-5FCC-4536-ADD6-22E15D9F23A8}"
EndProject
Project("{F2A71F9B-5D33-465A-A702-920D77279786}") = "Fun.SunUI.WinForms.Generator", "Fun.SunUI.WinForms.Generator\Fun.SunUI.WinForms.Generator.fsproj", "{B3E800DD-A06C-4409-868D-F4FCE981CC93}"
EndProject
Global
	GlobalSection(SolutionConfigurationPlatforms) = preSolution
		Debug|Any CPU = Debug|Any CPU
		Release|Any CPU = Release|Any CPU
	EndGlobalSection
	GlobalSection(ProjectConfigurationPlatforms) = postSolution
		{89E46331-258C-4F7A-9CB4-63748408A9F2}.Debug|Any CPU.ActiveCfg = Debug|Any CPU
		{89E46331-258C-4F7A-9CB4-63748408A9F2}.Debug|Any CPU.Build.0 = Debug|Any CPU
		{89E46331-258C-4F7A-9CB4-63748408A9F2}.Release|Any CPU.ActiveCfg = Release|Any CPU
		{89E46331-258C-4F7A-9CB4-63748408A9F2}.Release|Any CPU.Build.0 = Release|Any CPU
		{6F515D20-EC5E-4AEC-ACDE-7C19E43DC6B7}.Debug|Any CPU.ActiveCfg = Debug|Any CPU
		{6F515D20-EC5E-4AEC-ACDE-7C19E43DC6B7}.Debug|Any CPU.Build.0 = Debug|Any CPU
		{6F515D20-EC5E-4AEC-ACDE-7C19E43DC6B7}.Release|Any CPU.ActiveCfg = Release|Any CPU
		{6F515D20-EC5E-4AEC-ACDE-7C19E43DC6B7}.Release|Any CPU.Build.0 = Release|Any CPU
		{4C8017B4-3CB2-4541-A263-0501163C7C50}.Debug|Any CPU.ActiveCfg = Debug|Any CPU
		{4C8017B4-3CB2-4541-A263-0501163C7C50}.Debug|Any CPU.Build.0 = Debug|Any CPU
		{4C8017B4-3CB2-4541-A263-0501163C7C50}.Release|Any CPU.ActiveCfg = Release|Any CPU
		{4C8017B4-3CB2-4541-A263-0501163C7C50}.Release|Any CPU.Build.0 = Release|Any CPU
		{703E7DDF-FA0E-41B4-9FE2-2C643DD90EF8}.Debug|Any CPU.ActiveCfg = Debug|Any CPU
		{703E7DDF-FA0E-41B4-9FE2-2C643DD90EF8}.Debug|Any CPU.Build.0 = Debug|Any CPU
		{703E7DDF-FA0E-41B4-9FE2-2C643DD90EF8}.Release|Any CPU.ActiveCfg = Release|Any CPU
		{703E7DDF-FA0E-41B4-9FE2-2C643DD90EF8}.Release|Any CPU.Build.0 = Release|Any CPU
		{2F9E615E-BDEB-4E7F-8851-F7F817F1ADB3}.Debug|Any CPU.ActiveCfg = Debug|Any CPU
		{2F9E615E-BDEB-4E7F-8851-F7F817F1ADB3}.Debug|Any CPU.Build.0 = Debug|Any CPU
		{2F9E615E-BDEB-4E7F-8851-F7F817F1ADB3}.Release|Any CPU.ActiveCfg = Release|Any CPU
		{2F9E615E-BDEB-4E7F-8851-F7F817F1ADB3}.Release|Any CPU.Build.0 = Release|Any CPU
		{23405F60-DB5F-44C2-B5C7-290F7FA0E6BD}.Debug|Any CPU.ActiveCfg = Debug|Any CPU
		{23405F60-DB5F-44C2-B5C7-290F7FA0E6BD}.Debug|Any CPU.Build.0 = Debug|Any CPU
		{23405F60-DB5F-44C2-B5C7-290F7FA0E6BD}.Release|Any CPU.ActiveCfg = Release|Any CPU
		{23405F60-DB5F-44C2-B5C7-290F7FA0E6BD}.Release|Any CPU.Build.0 = Release|Any CPU
		{483A4598-5FCC-4536-ADD6-22E15D9F23A8}.Debug|Any CPU.ActiveCfg = Debug|Any CPU
		{483A4598-5FCC-4536-ADD6-22E15D9F23A8}.Debug|Any CPU.Build.0 = Debug|Any CPU
		{483A4598-5FCC-4536-ADD6-22E15D9F23A8}.Release|Any CPU.ActiveCfg = Release|Any CPU
		{483A4598-5FCC-4536-ADD6-22E15D9F23A8}.Release|Any CPU.Build.0 = Release|Any CPU
		{B3E800DD-A06C-4409-868D-F4FCE981CC93}.Debug|Any CPU.ActiveCfg = Debug|Any CPU
		{B3E800DD-A06C-4409-868D-F4FCE981CC93}.Debug|Any CPU.Build.0 = Debug|Any CPU
		{B3E800DD-A06C-4409-868D-F4FCE981CC93}.Release|Any CPU.ActiveCfg = Release|Any CPU
		{B3E800DD-A06C-4409-868D-F4FCE981CC93}.Release|Any CPU.Build.0 = Release|Any CPU
	EndGlobalSection
	GlobalSection(SolutionProperties) = preSolution
		HideSolutionNode = FALSE
	EndGlobalSection
	GlobalSection(ExtensibilityGlobals) = postSolution
		SolutionGuid = {B6886655-AF58-4CE1-981C-027850758005}
	EndGlobalSection
EndGlobal
