
Microsoft Visual Studio Solution File, Format Version 12.00
# Visual Studio Version 17
VisualStudioVersion = 17.0.31903.59
MinimumVisualStudioVersion = 10.0.40219.1
Project("{6EC3EE1D-3C4E-46DD-8F32-0CC8E7565705}") = "Fun.Modern.Forms", "Fun.Modern.Forms\Fun.Modern.Forms.fsproj", "{76666C58-6A8D-4935-9BEE-ED89B121E33B}"
EndProject
Project("{6EC3EE1D-3C4E-46DD-8F32-0CC8E7565705}") = "Fun.Modern.Forms.Demo", "Fun.Modern.Forms.Demo\Fun.Modern.Forms.Demo.fsproj", "{EB98FE2A-8B2F-4DA6-900F-C9C9C406298C}"
EndProject
Project("{F2A71F9B-5D33-465A-A702-920D77279786}") = "Fun.SunUI.Core", "Fun.SunUI.Core\Fun.SunUI.Core.fsproj", "{89E46331-258C-4F7A-9CB4-63748408A9F2}"
EndProject
Global
	GlobalSection(SolutionConfigurationPlatforms) = preSolution
		Debug|Any CPU = Debug|Any CPU
		Release|Any CPU = Release|Any CPU
	EndGlobalSection
	GlobalSection(ProjectConfigurationPlatforms) = postSolution
		{76666C58-6A8D-4935-9BEE-ED89B121E33B}.Debug|Any CPU.ActiveCfg = Debug|Any CPU
		{76666C58-6A8D-4935-9BEE-ED89B121E33B}.Debug|Any CPU.Build.0 = Debug|Any CPU
		{76666C58-6A8D-4935-9BEE-ED89B121E33B}.Release|Any CPU.ActiveCfg = Release|Any CPU
		{76666C58-6A8D-4935-9BEE-ED89B121E33B}.Release|Any CPU.Build.0 = Release|Any CPU
		{EB98FE2A-8B2F-4DA6-900F-C9C9C406298C}.Debug|Any CPU.ActiveCfg = Debug|Any CPU
		{EB98FE2A-8B2F-4DA6-900F-C9C9C406298C}.Debug|Any CPU.Build.0 = Debug|Any CPU
		{EB98FE2A-8B2F-4DA6-900F-C9C9C406298C}.Release|Any CPU.ActiveCfg = Release|Any CPU
		{EB98FE2A-8B2F-4DA6-900F-C9C9C406298C}.Release|Any CPU.Build.0 = Release|Any CPU
		{89E46331-258C-4F7A-9CB4-63748408A9F2}.Debug|Any CPU.ActiveCfg = Debug|Any CPU
		{89E46331-258C-4F7A-9CB4-63748408A9F2}.Debug|Any CPU.Build.0 = Debug|Any CPU
		{89E46331-258C-4F7A-9CB4-63748408A9F2}.Release|Any CPU.ActiveCfg = Release|Any CPU
		{89E46331-258C-4F7A-9CB4-63748408A9F2}.Release|Any CPU.Build.0 = Release|Any CPU
	EndGlobalSection
	GlobalSection(SolutionProperties) = preSolution
		HideSolutionNode = FALSE
	EndGlobalSection
	GlobalSection(ExtensibilityGlobals) = postSolution
		SolutionGuid = {B6886655-AF58-4CE1-981C-027850758005}
	EndGlobalSection
EndGlobal
