
Microsoft Visual Studio Solution File, Format Version 12.00
# Visual Studio Version 17
VisualStudioVersion = 17.0.31903.59
MinimumVisualStudioVersion = 10.0.40219.1
Project("{6EC3EE1D-3C4E-46DD-8F32-0CC8E7565705}") = "Fun.SunUI", "Fun.SunUI\Fun.SunUI.fsproj", "{391418F0-5227-4EF5-9531-3990EB46CF02}"
EndProject
Project("{6EC3EE1D-3C4E-46DD-8F32-0CC8E7565705}") = "Fun.SunUI.Generator", "Fun.SunUI.Generator\Fun.SunUI.Generator.fsproj", "{25EE85AE-F073-4DD6-ADC3-19F25E77099A}"
EndProject
Project("{6EC3EE1D-3C4E-46DD-8F32-0CC8E7565705}") = "Fun.SunUI.ModernForms", "Fun.SunUI.ModernForms\Fun.SunUI.ModernForms\Fun.SunUI.ModernForms.fsproj", "{A6A9F126-D8FE-460C-8ABF-876A2F217E95}"
EndProject
Project("{2150E333-8FDC-42A3-9474-1A3956D46DE8}") = "Fun.SunUI.ModernForms", "Fun.SunUI.ModernForms", "{717E63B3-7374-432E-9273-136E2A227667}"
EndProject
Project("{6EC3EE1D-3C4E-46DD-8F32-0CC8E7565705}") = "Fun.SunUI.ModernForms.Generator", "Fun.SunUI.ModernForms\Fun.SunUI.ModernForms.Generator\Fun.SunUI.ModernForms.Generator.fsproj", "{618CD20D-A14E-4A9B-9160-0E6B68644263}"
EndProject
Project("{6EC3EE1D-3C4E-46DD-8F32-0CC8E7565705}") = "Fun.SunUI.ModernForms.Demo", "Fun.SunUI.ModernForms\Fun.SunUI.ModernForms.Demo\Fun.SunUI.ModernForms.Demo.fsproj", "{073CC380-E344-484D-A9DD-2A920074B45F}"
EndProject
Project("{2150E333-8FDC-42A3-9474-1A3956D46DE8}") = "Fun.SunUI.WinForms", "Fun.SunUI.WinForms", "{5E6B4A52-E833-42F8-A826-47CDFE85A423}"
EndProject
Project("{6EC3EE1D-3C4E-46DD-8F32-0CC8E7565705}") = "Fun.SunUI.WinForms", "Fun.SunUI.WinForms\Fun.SunUI.WinForms\Fun.SunUI.WinForms.fsproj", "{C1C747C8-62D6-47C9-8F17-5AD2B8DFD66E}"
EndProject
Project("{6EC3EE1D-3C4E-46DD-8F32-0CC8E7565705}") = "Fun.SunUI.WinForms.Generator", "Fun.SunUI.WinForms\Fun.SunUI.WinForms.Generator\Fun.SunUI.WinForms.Generator.fsproj", "{0FC71BFD-96E7-4386-8CF9-5E4FF7ABE0DB}"
EndProject
Project("{6EC3EE1D-3C4E-46DD-8F32-0CC8E7565705}") = "Fun.SunUI.WinForms.Demo", "Fun.SunUI.WinForms\Fun.SunUI.WinForms.Demo\Fun.SunUI.WinForms.Demo.fsproj", "{8DD43923-6FB0-4056-904C-07DA345C57EF}"
EndProject
Project("{2150E333-8FDC-42A3-9474-1A3956D46DE8}") = "Fun.SunUI.WPF", "Fun.SunUI.WPF", "{2FDFF985-096A-4BED-A273-192F34BE9366}"
EndProject
Project("{6EC3EE1D-3C4E-46DD-8F32-0CC8E7565705}") = "Fun.SunUI.WPF", "Fun.SunUI.WPF\Fun.SunUI.WPF\Fun.SunUI.WPF.fsproj", "{9DA5FBF6-DC2E-48CE-A57D-FCA4FB7B9A07}"
EndProject
Project("{6EC3EE1D-3C4E-46DD-8F32-0CC8E7565705}") = "Fun.SunUI.WPF.Generator", "Fun.SunUI.WPF\Fun.SunUI.WPF.Generator\Fun.SunUI.WPF.Generator.fsproj", "{C259D50D-74A3-4BD5-AB2D-A5906664F46E}"
EndProject
Project("{6EC3EE1D-3C4E-46DD-8F32-0CC8E7565705}") = "Fun.SunUI.WPF.Demo", "Fun.SunUI.WPF\Fun.SunUI.WPF.Demo\Fun.SunUI.WPF.Demo.fsproj", "{0A05F374-713F-4D5A-A3C5-273F52AD5F78}"
EndProject
Project("{2150E333-8FDC-42A3-9474-1A3956D46DE8}") = "Fun.SunUI.WinUI", "Fun.SunUI.WinUI", "{E18125F1-5D53-4187-A192-2FE7AF343AE4}"
EndProject
Project("{6EC3EE1D-3C4E-46DD-8F32-0CC8E7565705}") = "Fun.SunUI.WinUI", "Fun.SunUI.WinUI\Fun.SunUI.WinUI\Fun.SunUI.WinUI.fsproj", "{D1BB81CE-FDB9-421E-840F-3DEF26574DCB}"
EndProject
Project("{6EC3EE1D-3C4E-46DD-8F32-0CC8E7565705}") = "Fun.SunUI.WinUI.Generator", "Fun.SunUI.WinUI\Fun.SunUI.WinUI.Generator\Fun.SunUI.WinUI.Generator.fsproj", "{377E8F31-ED6E-4F72-A8BE-622E6B8CA86B}"
EndProject
Project("{6EC3EE1D-3C4E-46DD-8F32-0CC8E7565705}") = "Fun.SunUI.WinUI.Demo", "Fun.SunUI.WinUI\Fun.SunUI.WinUI.Demo\Fun.SunUI.WinUI.Demo.fsproj", "{AA9C454F-A088-435B-BF86-F641E4C7AC38}"
EndProject
Project("{6EC3EE1D-3C4E-46DD-8F32-0CC8E7565705}") = "Fun.SunUI.MAUI", "Fun.SunUI.MAUI\Fun.SunUI.MAUI\Fun.SunUI.MAUI.fsproj", "{96D64434-3AFA-4E43-B64E-4A23D61DD2C1}"
EndProject
Project("{2150E333-8FDC-42A3-9474-1A3956D46DE8}") = "Fun.SunUI.MAUI", "Fun.SunUI.MAUI", "{CBCD8659-4BD5-4D07-B93F-95C113956017}"
EndProject
Project("{6EC3EE1D-3C4E-46DD-8F32-0CC8E7565705}") = "Fun.SunUI.MAUI.Generator", "Fun.SunUI.MAUI\Fun.SunUI.MAUI.Generator\Fun.SunUI.MAUI.Generator.fsproj", "{F8BF14E2-85DA-4359-9624-B5DC74AC9FBD}"
EndProject
Project("{6EC3EE1D-3C4E-46DD-8F32-0CC8E7565705}") = "Fun.SunUI.MAUI.Demo", "Fun.SunUI.MAUI\Fun.SunUI.MAUI.Demo\Fun.SunUI.MAUI.Demo.fsproj", "{21FD5292-F83D-4158-BEA0-3AD819847235}"
EndProject
Project("{9A19103F-16F7-4668-BE54-9A1E7A4F7556}") = "Fun.SunUI.MAUI.Demo.Starter", "Fun.SunUI.MAUI\Fun.SunUI.MAUI.Demo.Starter\Fun.SunUI.MAUI.Demo.Starter.csproj", "{06466110-2BB1-456C-B781-5D954729205C}"
EndProject
Project("{6EC3EE1D-3C4E-46DD-8F32-0CC8E7565705}") = "Fun.SunUI.Cli", "Fun.SunUI.Cli\Fun.SunUI.Cli.fsproj", "{2F583273-ABA6-4293-BE3F-4DD2C0F076ED}"
EndProject
Project("{6EC3EE1D-3C4E-46DD-8F32-0CC8E7565705}") = "Fun.SunUI.Templates", "Fun.SunUI.Templates\Fun.SunUI.Templates.fsproj", "{1A77DAE1-6660-4FC4-977B-BD98A0550D06}"
EndProject
Project("{2150E333-8FDC-42A3-9474-1A3956D46DE8}") = "Fun.SunUI.Avalonia", "Fun.SunUI.Avalonia", "{85B55735-7DDC-4708-9030-F1078C24B2D0}"
EndProject
Project("{6EC3EE1D-3C4E-46DD-8F32-0CC8E7565705}") = "Fun.SunUI.Avalonia", "Fun.SunUI.Avalonia\Fun.SunUI.Avalonia\Fun.SunUI.Avalonia.fsproj", "{1E24B7CE-8D25-474E-92BB-4E337CB04D12}"
EndProject
Project("{6EC3EE1D-3C4E-46DD-8F32-0CC8E7565705}") = "Fun.SunUI.Avalonia.Generator", "Fun.SunUI.Avalonia\Fun.SunUI.Avalonia.Generator\Fun.SunUI.Avalonia.Generator.fsproj", "{F80FCA2A-30CF-4EED-B802-D777402E69FC}"
EndProject
Project("{6EC3EE1D-3C4E-46DD-8F32-0CC8E7565705}") = "Fun.SunUI.Avalonia.Demo", "Fun.SunUI.Avalonia\Fun.SunUI.Avalonia.Demo\Fun.SunUI.Avalonia.Demo.fsproj", "{D705AB3B-9B80-42CB-BF94-9D69D504126B}"
EndProject
Project("{2150E333-8FDC-42A3-9474-1A3956D46DE8}") = "Fun.SunUI.TerminalGUI", "Fun.SunUI.TerminalGUI", "{E7270615-5C2C-4789-9FD9-D89BD3CF3E93}"
EndProject
Project("{6EC3EE1D-3C4E-46DD-8F32-0CC8E7565705}") = "Fun.SunUI.TerminalGUI", "Fun.SunUI.TerminalGUI\Fun.SunUI.TerminalGUI\Fun.SunUI.TerminalGUI.fsproj", "{B34126B3-4BA7-46EE-AAFA-23CD8B4950F0}"
EndProject
Project("{6EC3EE1D-3C4E-46DD-8F32-0CC8E7565705}") = "Fun.SunUI.TerminalGUI.Demo", "Fun.SunUI.TerminalGUI\Fun.SunUI.TerminalGUI.Demo\Fun.SunUI.TerminalGUI.Demo.fsproj", "{39E84C85-B5B6-479C-B72C-4A7C6A602F77}"
EndProject
Project("{6EC3EE1D-3C4E-46DD-8F32-0CC8E7565705}") = "Fun.SunUI.TerminalGUI.Generator", "Fun.SunUI.TerminalGUI\Fun.SunUI.TerminalGUI.Generator\Fun.SunUI.TerminalGUI.Generator.fsproj", "{CD94030E-429E-48C4-B452-0C9A1A6BF15B}"
EndProject
Global
	GlobalSection(SolutionConfigurationPlatforms) = preSolution
		Debug|Any CPU = Debug|Any CPU
		Debug|arm64 = Debug|arm64
		Debug|x64 = Debug|x64
		Debug|x86 = Debug|x86
		Release|Any CPU = Release|Any CPU
		Release|arm64 = Release|arm64
		Release|x64 = Release|x64
		Release|x86 = Release|x86
	EndGlobalSection
	GlobalSection(ProjectConfigurationPlatforms) = postSolution
		{391418F0-5227-4EF5-9531-3990EB46CF02}.Debug|Any CPU.ActiveCfg = Debug|Any CPU
		{391418F0-5227-4EF5-9531-3990EB46CF02}.Debug|Any CPU.Build.0 = Debug|Any CPU
		{391418F0-5227-4EF5-9531-3990EB46CF02}.Debug|arm64.ActiveCfg = Debug|Any CPU
		{391418F0-5227-4EF5-9531-3990EB46CF02}.Debug|arm64.Build.0 = Debug|Any CPU
		{391418F0-5227-4EF5-9531-3990EB46CF02}.Debug|x64.ActiveCfg = Debug|Any CPU
		{391418F0-5227-4EF5-9531-3990EB46CF02}.Debug|x64.Build.0 = Debug|Any CPU
		{391418F0-5227-4EF5-9531-3990EB46CF02}.Debug|x86.ActiveCfg = Debug|Any CPU
		{391418F0-5227-4EF5-9531-3990EB46CF02}.Debug|x86.Build.0 = Debug|Any CPU
		{391418F0-5227-4EF5-9531-3990EB46CF02}.Release|Any CPU.ActiveCfg = Release|Any CPU
		{391418F0-5227-4EF5-9531-3990EB46CF02}.Release|Any CPU.Build.0 = Release|Any CPU
		{391418F0-5227-4EF5-9531-3990EB46CF02}.Release|arm64.ActiveCfg = Release|Any CPU
		{391418F0-5227-4EF5-9531-3990EB46CF02}.Release|arm64.Build.0 = Release|Any CPU
		{391418F0-5227-4EF5-9531-3990EB46CF02}.Release|x64.ActiveCfg = Release|Any CPU
		{391418F0-5227-4EF5-9531-3990EB46CF02}.Release|x64.Build.0 = Release|Any CPU
		{391418F0-5227-4EF5-9531-3990EB46CF02}.Release|x86.ActiveCfg = Release|Any CPU
		{391418F0-5227-4EF5-9531-3990EB46CF02}.Release|x86.Build.0 = Release|Any CPU
		{25EE85AE-F073-4DD6-ADC3-19F25E77099A}.Debug|Any CPU.ActiveCfg = Debug|Any CPU
		{25EE85AE-F073-4DD6-ADC3-19F25E77099A}.Debug|Any CPU.Build.0 = Debug|Any CPU
		{25EE85AE-F073-4DD6-ADC3-19F25E77099A}.Debug|arm64.ActiveCfg = Debug|Any CPU
		{25EE85AE-F073-4DD6-ADC3-19F25E77099A}.Debug|arm64.Build.0 = Debug|Any CPU
		{25EE85AE-F073-4DD6-ADC3-19F25E77099A}.Debug|x64.ActiveCfg = Debug|Any CPU
		{25EE85AE-F073-4DD6-ADC3-19F25E77099A}.Debug|x64.Build.0 = Debug|Any CPU
		{25EE85AE-F073-4DD6-ADC3-19F25E77099A}.Debug|x86.ActiveCfg = Debug|Any CPU
		{25EE85AE-F073-4DD6-ADC3-19F25E77099A}.Debug|x86.Build.0 = Debug|Any CPU
		{25EE85AE-F073-4DD6-ADC3-19F25E77099A}.Release|Any CPU.ActiveCfg = Release|Any CPU
		{25EE85AE-F073-4DD6-ADC3-19F25E77099A}.Release|Any CPU.Build.0 = Release|Any CPU
		{25EE85AE-F073-4DD6-ADC3-19F25E77099A}.Release|arm64.ActiveCfg = Release|Any CPU
		{25EE85AE-F073-4DD6-ADC3-19F25E77099A}.Release|arm64.Build.0 = Release|Any CPU
		{25EE85AE-F073-4DD6-ADC3-19F25E77099A}.Release|x64.ActiveCfg = Release|Any CPU
		{25EE85AE-F073-4DD6-ADC3-19F25E77099A}.Release|x64.Build.0 = Release|Any CPU
		{25EE85AE-F073-4DD6-ADC3-19F25E77099A}.Release|x86.ActiveCfg = Release|Any CPU
		{25EE85AE-F073-4DD6-ADC3-19F25E77099A}.Release|x86.Build.0 = Release|Any CPU
		{A6A9F126-D8FE-460C-8ABF-876A2F217E95}.Debug|Any CPU.ActiveCfg = Debug|Any CPU
		{A6A9F126-D8FE-460C-8ABF-876A2F217E95}.Debug|Any CPU.Build.0 = Debug|Any CPU
		{A6A9F126-D8FE-460C-8ABF-876A2F217E95}.Debug|arm64.ActiveCfg = Debug|Any CPU
		{A6A9F126-D8FE-460C-8ABF-876A2F217E95}.Debug|arm64.Build.0 = Debug|Any CPU
		{A6A9F126-D8FE-460C-8ABF-876A2F217E95}.Debug|x64.ActiveCfg = Debug|Any CPU
		{A6A9F126-D8FE-460C-8ABF-876A2F217E95}.Debug|x64.Build.0 = Debug|Any CPU
		{A6A9F126-D8FE-460C-8ABF-876A2F217E95}.Debug|x86.ActiveCfg = Debug|Any CPU
		{A6A9F126-D8FE-460C-8ABF-876A2F217E95}.Debug|x86.Build.0 = Debug|Any CPU
		{A6A9F126-D8FE-460C-8ABF-876A2F217E95}.Release|Any CPU.ActiveCfg = Release|Any CPU
		{A6A9F126-D8FE-460C-8ABF-876A2F217E95}.Release|Any CPU.Build.0 = Release|Any CPU
		{A6A9F126-D8FE-460C-8ABF-876A2F217E95}.Release|arm64.ActiveCfg = Release|Any CPU
		{A6A9F126-D8FE-460C-8ABF-876A2F217E95}.Release|arm64.Build.0 = Release|Any CPU
		{A6A9F126-D8FE-460C-8ABF-876A2F217E95}.Release|x64.ActiveCfg = Release|Any CPU
		{A6A9F126-D8FE-460C-8ABF-876A2F217E95}.Release|x64.Build.0 = Release|Any CPU
		{A6A9F126-D8FE-460C-8ABF-876A2F217E95}.Release|x86.ActiveCfg = Release|Any CPU
		{A6A9F126-D8FE-460C-8ABF-876A2F217E95}.Release|x86.Build.0 = Release|Any CPU
		{618CD20D-A14E-4A9B-9160-0E6B68644263}.Debug|Any CPU.ActiveCfg = Debug|Any CPU
		{618CD20D-A14E-4A9B-9160-0E6B68644263}.Debug|Any CPU.Build.0 = Debug|Any CPU
		{618CD20D-A14E-4A9B-9160-0E6B68644263}.Debug|arm64.ActiveCfg = Debug|Any CPU
		{618CD20D-A14E-4A9B-9160-0E6B68644263}.Debug|arm64.Build.0 = Debug|Any CPU
		{618CD20D-A14E-4A9B-9160-0E6B68644263}.Debug|x64.ActiveCfg = Debug|Any CPU
		{618CD20D-A14E-4A9B-9160-0E6B68644263}.Debug|x64.Build.0 = Debug|Any CPU
		{618CD20D-A14E-4A9B-9160-0E6B68644263}.Debug|x86.ActiveCfg = Debug|Any CPU
		{618CD20D-A14E-4A9B-9160-0E6B68644263}.Debug|x86.Build.0 = Debug|Any CPU
		{618CD20D-A14E-4A9B-9160-0E6B68644263}.Release|Any CPU.ActiveCfg = Release|Any CPU
		{618CD20D-A14E-4A9B-9160-0E6B68644263}.Release|Any CPU.Build.0 = Release|Any CPU
		{618CD20D-A14E-4A9B-9160-0E6B68644263}.Release|arm64.ActiveCfg = Release|Any CPU
		{618CD20D-A14E-4A9B-9160-0E6B68644263}.Release|arm64.Build.0 = Release|Any CPU
		{618CD20D-A14E-4A9B-9160-0E6B68644263}.Release|x64.ActiveCfg = Release|Any CPU
		{618CD20D-A14E-4A9B-9160-0E6B68644263}.Release|x64.Build.0 = Release|Any CPU
		{618CD20D-A14E-4A9B-9160-0E6B68644263}.Release|x86.ActiveCfg = Release|Any CPU
		{618CD20D-A14E-4A9B-9160-0E6B68644263}.Release|x86.Build.0 = Release|Any CPU
		{073CC380-E344-484D-A9DD-2A920074B45F}.Debug|Any CPU.ActiveCfg = Debug|Any CPU
		{073CC380-E344-484D-A9DD-2A920074B45F}.Debug|Any CPU.Build.0 = Debug|Any CPU
		{073CC380-E344-484D-A9DD-2A920074B45F}.Debug|arm64.ActiveCfg = Debug|Any CPU
		{073CC380-E344-484D-A9DD-2A920074B45F}.Debug|arm64.Build.0 = Debug|Any CPU
		{073CC380-E344-484D-A9DD-2A920074B45F}.Debug|x64.ActiveCfg = Debug|Any CPU
		{073CC380-E344-484D-A9DD-2A920074B45F}.Debug|x64.Build.0 = Debug|Any CPU
		{073CC380-E344-484D-A9DD-2A920074B45F}.Debug|x86.ActiveCfg = Debug|Any CPU
		{073CC380-E344-484D-A9DD-2A920074B45F}.Debug|x86.Build.0 = Debug|Any CPU
		{073CC380-E344-484D-A9DD-2A920074B45F}.Release|Any CPU.ActiveCfg = Release|Any CPU
		{073CC380-E344-484D-A9DD-2A920074B45F}.Release|Any CPU.Build.0 = Release|Any CPU
		{073CC380-E344-484D-A9DD-2A920074B45F}.Release|arm64.ActiveCfg = Release|Any CPU
		{073CC380-E344-484D-A9DD-2A920074B45F}.Release|arm64.Build.0 = Release|Any CPU
		{073CC380-E344-484D-A9DD-2A920074B45F}.Release|x64.ActiveCfg = Release|Any CPU
		{073CC380-E344-484D-A9DD-2A920074B45F}.Release|x64.Build.0 = Release|Any CPU
		{073CC380-E344-484D-A9DD-2A920074B45F}.Release|x86.ActiveCfg = Release|Any CPU
		{073CC380-E344-484D-A9DD-2A920074B45F}.Release|x86.Build.0 = Release|Any CPU
		{C1C747C8-62D6-47C9-8F17-5AD2B8DFD66E}.Debug|Any CPU.ActiveCfg = Debug|Any CPU
		{C1C747C8-62D6-47C9-8F17-5AD2B8DFD66E}.Debug|Any CPU.Build.0 = Debug|Any CPU
		{C1C747C8-62D6-47C9-8F17-5AD2B8DFD66E}.Debug|arm64.ActiveCfg = Debug|Any CPU
		{C1C747C8-62D6-47C9-8F17-5AD2B8DFD66E}.Debug|arm64.Build.0 = Debug|Any CPU
		{C1C747C8-62D6-47C9-8F17-5AD2B8DFD66E}.Debug|x64.ActiveCfg = Debug|Any CPU
		{C1C747C8-62D6-47C9-8F17-5AD2B8DFD66E}.Debug|x64.Build.0 = Debug|Any CPU
		{C1C747C8-62D6-47C9-8F17-5AD2B8DFD66E}.Debug|x86.ActiveCfg = Debug|Any CPU
		{C1C747C8-62D6-47C9-8F17-5AD2B8DFD66E}.Debug|x86.Build.0 = Debug|Any CPU
		{C1C747C8-62D6-47C9-8F17-5AD2B8DFD66E}.Release|Any CPU.ActiveCfg = Release|Any CPU
		{C1C747C8-62D6-47C9-8F17-5AD2B8DFD66E}.Release|Any CPU.Build.0 = Release|Any CPU
		{C1C747C8-62D6-47C9-8F17-5AD2B8DFD66E}.Release|arm64.ActiveCfg = Release|Any CPU
		{C1C747C8-62D6-47C9-8F17-5AD2B8DFD66E}.Release|arm64.Build.0 = Release|Any CPU
		{C1C747C8-62D6-47C9-8F17-5AD2B8DFD66E}.Release|x64.ActiveCfg = Release|Any CPU
		{C1C747C8-62D6-47C9-8F17-5AD2B8DFD66E}.Release|x64.Build.0 = Release|Any CPU
		{C1C747C8-62D6-47C9-8F17-5AD2B8DFD66E}.Release|x86.ActiveCfg = Release|Any CPU
		{C1C747C8-62D6-47C9-8F17-5AD2B8DFD66E}.Release|x86.Build.0 = Release|Any CPU
		{0FC71BFD-96E7-4386-8CF9-5E4FF7ABE0DB}.Debug|Any CPU.ActiveCfg = Debug|Any CPU
		{0FC71BFD-96E7-4386-8CF9-5E4FF7ABE0DB}.Debug|Any CPU.Build.0 = Debug|Any CPU
		{0FC71BFD-96E7-4386-8CF9-5E4FF7ABE0DB}.Debug|arm64.ActiveCfg = Debug|Any CPU
		{0FC71BFD-96E7-4386-8CF9-5E4FF7ABE0DB}.Debug|arm64.Build.0 = Debug|Any CPU
		{0FC71BFD-96E7-4386-8CF9-5E4FF7ABE0DB}.Debug|x64.ActiveCfg = Debug|Any CPU
		{0FC71BFD-96E7-4386-8CF9-5E4FF7ABE0DB}.Debug|x64.Build.0 = Debug|Any CPU
		{0FC71BFD-96E7-4386-8CF9-5E4FF7ABE0DB}.Debug|x86.ActiveCfg = Debug|Any CPU
		{0FC71BFD-96E7-4386-8CF9-5E4FF7ABE0DB}.Debug|x86.Build.0 = Debug|Any CPU
		{0FC71BFD-96E7-4386-8CF9-5E4FF7ABE0DB}.Release|Any CPU.ActiveCfg = Release|Any CPU
		{0FC71BFD-96E7-4386-8CF9-5E4FF7ABE0DB}.Release|Any CPU.Build.0 = Release|Any CPU
		{0FC71BFD-96E7-4386-8CF9-5E4FF7ABE0DB}.Release|arm64.ActiveCfg = Release|Any CPU
		{0FC71BFD-96E7-4386-8CF9-5E4FF7ABE0DB}.Release|arm64.Build.0 = Release|Any CPU
		{0FC71BFD-96E7-4386-8CF9-5E4FF7ABE0DB}.Release|x64.ActiveCfg = Release|Any CPU
		{0FC71BFD-96E7-4386-8CF9-5E4FF7ABE0DB}.Release|x64.Build.0 = Release|Any CPU
		{0FC71BFD-96E7-4386-8CF9-5E4FF7ABE0DB}.Release|x86.ActiveCfg = Release|Any CPU
		{0FC71BFD-96E7-4386-8CF9-5E4FF7ABE0DB}.Release|x86.Build.0 = Release|Any CPU
		{8DD43923-6FB0-4056-904C-07DA345C57EF}.Debug|Any CPU.ActiveCfg = Debug|Any CPU
		{8DD43923-6FB0-4056-904C-07DA345C57EF}.Debug|Any CPU.Build.0 = Debug|Any CPU
		{8DD43923-6FB0-4056-904C-07DA345C57EF}.Debug|arm64.ActiveCfg = Debug|Any CPU
		{8DD43923-6FB0-4056-904C-07DA345C57EF}.Debug|arm64.Build.0 = Debug|Any CPU
		{8DD43923-6FB0-4056-904C-07DA345C57EF}.Debug|x64.ActiveCfg = Debug|Any CPU
		{8DD43923-6FB0-4056-904C-07DA345C57EF}.Debug|x64.Build.0 = Debug|Any CPU
		{8DD43923-6FB0-4056-904C-07DA345C57EF}.Debug|x86.ActiveCfg = Debug|Any CPU
		{8DD43923-6FB0-4056-904C-07DA345C57EF}.Debug|x86.Build.0 = Debug|Any CPU
		{8DD43923-6FB0-4056-904C-07DA345C57EF}.Release|Any CPU.ActiveCfg = Release|Any CPU
		{8DD43923-6FB0-4056-904C-07DA345C57EF}.Release|Any CPU.Build.0 = Release|Any CPU
		{8DD43923-6FB0-4056-904C-07DA345C57EF}.Release|arm64.ActiveCfg = Release|Any CPU
		{8DD43923-6FB0-4056-904C-07DA345C57EF}.Release|arm64.Build.0 = Release|Any CPU
		{8DD43923-6FB0-4056-904C-07DA345C57EF}.Release|x64.ActiveCfg = Release|Any CPU
		{8DD43923-6FB0-4056-904C-07DA345C57EF}.Release|x64.Build.0 = Release|Any CPU
		{8DD43923-6FB0-4056-904C-07DA345C57EF}.Release|x86.ActiveCfg = Release|Any CPU
		{8DD43923-6FB0-4056-904C-07DA345C57EF}.Release|x86.Build.0 = Release|Any CPU
		{9DA5FBF6-DC2E-48CE-A57D-FCA4FB7B9A07}.Debug|Any CPU.ActiveCfg = Debug|Any CPU
		{9DA5FBF6-DC2E-48CE-A57D-FCA4FB7B9A07}.Debug|Any CPU.Build.0 = Debug|Any CPU
		{9DA5FBF6-DC2E-48CE-A57D-FCA4FB7B9A07}.Debug|arm64.ActiveCfg = Debug|Any CPU
		{9DA5FBF6-DC2E-48CE-A57D-FCA4FB7B9A07}.Debug|arm64.Build.0 = Debug|Any CPU
		{9DA5FBF6-DC2E-48CE-A57D-FCA4FB7B9A07}.Debug|x64.ActiveCfg = Debug|Any CPU
		{9DA5FBF6-DC2E-48CE-A57D-FCA4FB7B9A07}.Debug|x64.Build.0 = Debug|Any CPU
		{9DA5FBF6-DC2E-48CE-A57D-FCA4FB7B9A07}.Debug|x86.ActiveCfg = Debug|Any CPU
		{9DA5FBF6-DC2E-48CE-A57D-FCA4FB7B9A07}.Debug|x86.Build.0 = Debug|Any CPU
		{9DA5FBF6-DC2E-48CE-A57D-FCA4FB7B9A07}.Release|Any CPU.ActiveCfg = Release|Any CPU
		{9DA5FBF6-DC2E-48CE-A57D-FCA4FB7B9A07}.Release|Any CPU.Build.0 = Release|Any CPU
		{9DA5FBF6-DC2E-48CE-A57D-FCA4FB7B9A07}.Release|arm64.ActiveCfg = Release|Any CPU
		{9DA5FBF6-DC2E-48CE-A57D-FCA4FB7B9A07}.Release|arm64.Build.0 = Release|Any CPU
		{9DA5FBF6-DC2E-48CE-A57D-FCA4FB7B9A07}.Release|x64.ActiveCfg = Release|Any CPU
		{9DA5FBF6-DC2E-48CE-A57D-FCA4FB7B9A07}.Release|x64.Build.0 = Release|Any CPU
		{9DA5FBF6-DC2E-48CE-A57D-FCA4FB7B9A07}.Release|x86.ActiveCfg = Release|Any CPU
		{9DA5FBF6-DC2E-48CE-A57D-FCA4FB7B9A07}.Release|x86.Build.0 = Release|Any CPU
		{C259D50D-74A3-4BD5-AB2D-A5906664F46E}.Debug|Any CPU.ActiveCfg = Debug|Any CPU
		{C259D50D-74A3-4BD5-AB2D-A5906664F46E}.Debug|Any CPU.Build.0 = Debug|Any CPU
		{C259D50D-74A3-4BD5-AB2D-A5906664F46E}.Debug|arm64.ActiveCfg = Debug|Any CPU
		{C259D50D-74A3-4BD5-AB2D-A5906664F46E}.Debug|arm64.Build.0 = Debug|Any CPU
		{C259D50D-74A3-4BD5-AB2D-A5906664F46E}.Debug|x64.ActiveCfg = Debug|Any CPU
		{C259D50D-74A3-4BD5-AB2D-A5906664F46E}.Debug|x64.Build.0 = Debug|Any CPU
		{C259D50D-74A3-4BD5-AB2D-A5906664F46E}.Debug|x86.ActiveCfg = Debug|Any CPU
		{C259D50D-74A3-4BD5-AB2D-A5906664F46E}.Debug|x86.Build.0 = Debug|Any CPU
		{C259D50D-74A3-4BD5-AB2D-A5906664F46E}.Release|Any CPU.ActiveCfg = Release|Any CPU
		{C259D50D-74A3-4BD5-AB2D-A5906664F46E}.Release|Any CPU.Build.0 = Release|Any CPU
		{C259D50D-74A3-4BD5-AB2D-A5906664F46E}.Release|arm64.ActiveCfg = Release|Any CPU
		{C259D50D-74A3-4BD5-AB2D-A5906664F46E}.Release|arm64.Build.0 = Release|Any CPU
		{C259D50D-74A3-4BD5-AB2D-A5906664F46E}.Release|x64.ActiveCfg = Release|Any CPU
		{C259D50D-74A3-4BD5-AB2D-A5906664F46E}.Release|x64.Build.0 = Release|Any CPU
		{C259D50D-74A3-4BD5-AB2D-A5906664F46E}.Release|x86.ActiveCfg = Release|Any CPU
		{C259D50D-74A3-4BD5-AB2D-A5906664F46E}.Release|x86.Build.0 = Release|Any CPU
		{0A05F374-713F-4D5A-A3C5-273F52AD5F78}.Debug|Any CPU.ActiveCfg = Debug|Any CPU
		{0A05F374-713F-4D5A-A3C5-273F52AD5F78}.Debug|Any CPU.Build.0 = Debug|Any CPU
		{0A05F374-713F-4D5A-A3C5-273F52AD5F78}.Debug|arm64.ActiveCfg = Debug|Any CPU
		{0A05F374-713F-4D5A-A3C5-273F52AD5F78}.Debug|arm64.Build.0 = Debug|Any CPU
		{0A05F374-713F-4D5A-A3C5-273F52AD5F78}.Debug|x64.ActiveCfg = Debug|Any CPU
		{0A05F374-713F-4D5A-A3C5-273F52AD5F78}.Debug|x64.Build.0 = Debug|Any CPU
		{0A05F374-713F-4D5A-A3C5-273F52AD5F78}.Debug|x86.ActiveCfg = Debug|Any CPU
		{0A05F374-713F-4D5A-A3C5-273F52AD5F78}.Debug|x86.Build.0 = Debug|Any CPU
		{0A05F374-713F-4D5A-A3C5-273F52AD5F78}.Release|Any CPU.ActiveCfg = Release|Any CPU
		{0A05F374-713F-4D5A-A3C5-273F52AD5F78}.Release|Any CPU.Build.0 = Release|Any CPU
		{0A05F374-713F-4D5A-A3C5-273F52AD5F78}.Release|arm64.ActiveCfg = Release|Any CPU
		{0A05F374-713F-4D5A-A3C5-273F52AD5F78}.Release|arm64.Build.0 = Release|Any CPU
		{0A05F374-713F-4D5A-A3C5-273F52AD5F78}.Release|x64.ActiveCfg = Release|Any CPU
		{0A05F374-713F-4D5A-A3C5-273F52AD5F78}.Release|x64.Build.0 = Release|Any CPU
		{0A05F374-713F-4D5A-A3C5-273F52AD5F78}.Release|x86.ActiveCfg = Release|Any CPU
		{0A05F374-713F-4D5A-A3C5-273F52AD5F78}.Release|x86.Build.0 = Release|Any CPU
		{D1BB81CE-FDB9-421E-840F-3DEF26574DCB}.Debug|Any CPU.ActiveCfg = Debug|Any CPU
		{D1BB81CE-FDB9-421E-840F-3DEF26574DCB}.Debug|arm64.ActiveCfg = Debug|Any CPU
		{D1BB81CE-FDB9-421E-840F-3DEF26574DCB}.Debug|arm64.Build.0 = Debug|Any CPU
		{D1BB81CE-FDB9-421E-840F-3DEF26574DCB}.Debug|x64.ActiveCfg = Debug|Any CPU
		{D1BB81CE-FDB9-421E-840F-3DEF26574DCB}.Debug|x64.Build.0 = Debug|Any CPU
		{D1BB81CE-FDB9-421E-840F-3DEF26574DCB}.Debug|x86.ActiveCfg = Debug|Any CPU
		{D1BB81CE-FDB9-421E-840F-3DEF26574DCB}.Debug|x86.Build.0 = Debug|Any CPU
		{D1BB81CE-FDB9-421E-840F-3DEF26574DCB}.Release|Any CPU.ActiveCfg = Release|Any CPU
		{D1BB81CE-FDB9-421E-840F-3DEF26574DCB}.Release|Any CPU.Build.0 = Release|Any CPU
		{D1BB81CE-FDB9-421E-840F-3DEF26574DCB}.Release|arm64.ActiveCfg = Release|Any CPU
		{D1BB81CE-FDB9-421E-840F-3DEF26574DCB}.Release|arm64.Build.0 = Release|Any CPU
		{D1BB81CE-FDB9-421E-840F-3DEF26574DCB}.Release|x64.ActiveCfg = Release|Any CPU
		{D1BB81CE-FDB9-421E-840F-3DEF26574DCB}.Release|x64.Build.0 = Release|Any CPU
		{D1BB81CE-FDB9-421E-840F-3DEF26574DCB}.Release|x86.ActiveCfg = Release|Any CPU
		{D1BB81CE-FDB9-421E-840F-3DEF26574DCB}.Release|x86.Build.0 = Release|Any CPU
		{377E8F31-ED6E-4F72-A8BE-622E6B8CA86B}.Debug|Any CPU.ActiveCfg = Debug|Any CPU
		{377E8F31-ED6E-4F72-A8BE-622E6B8CA86B}.Debug|arm64.ActiveCfg = Debug|Any CPU
		{377E8F31-ED6E-4F72-A8BE-622E6B8CA86B}.Debug|arm64.Build.0 = Debug|Any CPU
		{377E8F31-ED6E-4F72-A8BE-622E6B8CA86B}.Debug|x64.ActiveCfg = Debug|Any CPU
		{377E8F31-ED6E-4F72-A8BE-622E6B8CA86B}.Debug|x64.Build.0 = Debug|Any CPU
		{377E8F31-ED6E-4F72-A8BE-622E6B8CA86B}.Debug|x86.ActiveCfg = Debug|Any CPU
		{377E8F31-ED6E-4F72-A8BE-622E6B8CA86B}.Debug|x86.Build.0 = Debug|Any CPU
		{377E8F31-ED6E-4F72-A8BE-622E6B8CA86B}.Release|Any CPU.ActiveCfg = Release|Any CPU
		{377E8F31-ED6E-4F72-A8BE-622E6B8CA86B}.Release|Any CPU.Build.0 = Release|Any CPU
		{377E8F31-ED6E-4F72-A8BE-622E6B8CA86B}.Release|arm64.ActiveCfg = Release|Any CPU
		{377E8F31-ED6E-4F72-A8BE-622E6B8CA86B}.Release|arm64.Build.0 = Release|Any CPU
		{377E8F31-ED6E-4F72-A8BE-622E6B8CA86B}.Release|x64.ActiveCfg = Release|Any CPU
		{377E8F31-ED6E-4F72-A8BE-622E6B8CA86B}.Release|x64.Build.0 = Release|Any CPU
		{377E8F31-ED6E-4F72-A8BE-622E6B8CA86B}.Release|x86.ActiveCfg = Release|Any CPU
		{377E8F31-ED6E-4F72-A8BE-622E6B8CA86B}.Release|x86.Build.0 = Release|Any CPU
		{AA9C454F-A088-435B-BF86-F641E4C7AC38}.Debug|Any CPU.ActiveCfg = Debug|x64
		{AA9C454F-A088-435B-BF86-F641E4C7AC38}.Debug|arm64.ActiveCfg = Debug|arm64
		{AA9C454F-A088-435B-BF86-F641E4C7AC38}.Debug|arm64.Build.0 = Debug|arm64
		{AA9C454F-A088-435B-BF86-F641E4C7AC38}.Debug|arm64.Deploy.0 = Debug|arm64
		{AA9C454F-A088-435B-BF86-F641E4C7AC38}.Debug|x64.ActiveCfg = Debug|x64
		{AA9C454F-A088-435B-BF86-F641E4C7AC38}.Debug|x64.Build.0 = Debug|x64
		{AA9C454F-A088-435B-BF86-F641E4C7AC38}.Debug|x64.Deploy.0 = Debug|x64
		{AA9C454F-A088-435B-BF86-F641E4C7AC38}.Debug|x86.ActiveCfg = Debug|x86
		{AA9C454F-A088-435B-BF86-F641E4C7AC38}.Debug|x86.Build.0 = Debug|x86
		{AA9C454F-A088-435B-BF86-F641E4C7AC38}.Debug|x86.Deploy.0 = Debug|x86
		{AA9C454F-A088-435B-BF86-F641E4C7AC38}.Release|Any CPU.ActiveCfg = Release|x64
		{AA9C454F-A088-435B-BF86-F641E4C7AC38}.Release|Any CPU.Build.0 = Release|x64
		{AA9C454F-A088-435B-BF86-F641E4C7AC38}.Release|Any CPU.Deploy.0 = Release|x64
		{AA9C454F-A088-435B-BF86-F641E4C7AC38}.Release|arm64.ActiveCfg = Release|arm64
		{AA9C454F-A088-435B-BF86-F641E4C7AC38}.Release|arm64.Build.0 = Release|arm64
		{AA9C454F-A088-435B-BF86-F641E4C7AC38}.Release|arm64.Deploy.0 = Release|arm64
		{AA9C454F-A088-435B-BF86-F641E4C7AC38}.Release|x64.ActiveCfg = Release|x64
		{AA9C454F-A088-435B-BF86-F641E4C7AC38}.Release|x64.Build.0 = Release|x64
		{AA9C454F-A088-435B-BF86-F641E4C7AC38}.Release|x64.Deploy.0 = Release|x64
		{AA9C454F-A088-435B-BF86-F641E4C7AC38}.Release|x86.ActiveCfg = Release|x86
		{AA9C454F-A088-435B-BF86-F641E4C7AC38}.Release|x86.Build.0 = Release|x86
		{AA9C454F-A088-435B-BF86-F641E4C7AC38}.Release|x86.Deploy.0 = Release|x86
		{96D64434-3AFA-4E43-B64E-4A23D61DD2C1}.Debug|Any CPU.ActiveCfg = Debug|Any CPU
		{96D64434-3AFA-4E43-B64E-4A23D61DD2C1}.Debug|Any CPU.Build.0 = Debug|Any CPU
		{96D64434-3AFA-4E43-B64E-4A23D61DD2C1}.Debug|arm64.ActiveCfg = Debug|Any CPU
		{96D64434-3AFA-4E43-B64E-4A23D61DD2C1}.Debug|arm64.Build.0 = Debug|Any CPU
		{96D64434-3AFA-4E43-B64E-4A23D61DD2C1}.Debug|x64.ActiveCfg = Debug|Any CPU
		{96D64434-3AFA-4E43-B64E-4A23D61DD2C1}.Debug|x64.Build.0 = Debug|Any CPU
		{96D64434-3AFA-4E43-B64E-4A23D61DD2C1}.Debug|x86.ActiveCfg = Debug|Any CPU
		{96D64434-3AFA-4E43-B64E-4A23D61DD2C1}.Debug|x86.Build.0 = Debug|Any CPU
		{96D64434-3AFA-4E43-B64E-4A23D61DD2C1}.Release|Any CPU.ActiveCfg = Release|Any CPU
		{96D64434-3AFA-4E43-B64E-4A23D61DD2C1}.Release|Any CPU.Build.0 = Release|Any CPU
		{96D64434-3AFA-4E43-B64E-4A23D61DD2C1}.Release|arm64.ActiveCfg = Release|Any CPU
		{96D64434-3AFA-4E43-B64E-4A23D61DD2C1}.Release|arm64.Build.0 = Release|Any CPU
		{96D64434-3AFA-4E43-B64E-4A23D61DD2C1}.Release|x64.ActiveCfg = Release|Any CPU
		{96D64434-3AFA-4E43-B64E-4A23D61DD2C1}.Release|x64.Build.0 = Release|Any CPU
		{96D64434-3AFA-4E43-B64E-4A23D61DD2C1}.Release|x86.ActiveCfg = Release|Any CPU
		{96D64434-3AFA-4E43-B64E-4A23D61DD2C1}.Release|x86.Build.0 = Release|Any CPU
		{F8BF14E2-85DA-4359-9624-B5DC74AC9FBD}.Debug|Any CPU.ActiveCfg = Debug|Any CPU
		{F8BF14E2-85DA-4359-9624-B5DC74AC9FBD}.Debug|Any CPU.Build.0 = Debug|Any CPU
		{F8BF14E2-85DA-4359-9624-B5DC74AC9FBD}.Debug|arm64.ActiveCfg = Debug|Any CPU
		{F8BF14E2-85DA-4359-9624-B5DC74AC9FBD}.Debug|arm64.Build.0 = Debug|Any CPU
		{F8BF14E2-85DA-4359-9624-B5DC74AC9FBD}.Debug|x64.ActiveCfg = Debug|Any CPU
		{F8BF14E2-85DA-4359-9624-B5DC74AC9FBD}.Debug|x64.Build.0 = Debug|Any CPU
		{F8BF14E2-85DA-4359-9624-B5DC74AC9FBD}.Debug|x86.ActiveCfg = Debug|Any CPU
		{F8BF14E2-85DA-4359-9624-B5DC74AC9FBD}.Debug|x86.Build.0 = Debug|Any CPU
		{F8BF14E2-85DA-4359-9624-B5DC74AC9FBD}.Release|Any CPU.ActiveCfg = Release|Any CPU
		{F8BF14E2-85DA-4359-9624-B5DC74AC9FBD}.Release|Any CPU.Build.0 = Release|Any CPU
		{F8BF14E2-85DA-4359-9624-B5DC74AC9FBD}.Release|arm64.ActiveCfg = Release|Any CPU
		{F8BF14E2-85DA-4359-9624-B5DC74AC9FBD}.Release|arm64.Build.0 = Release|Any CPU
		{F8BF14E2-85DA-4359-9624-B5DC74AC9FBD}.Release|x64.ActiveCfg = Release|Any CPU
		{F8BF14E2-85DA-4359-9624-B5DC74AC9FBD}.Release|x64.Build.0 = Release|Any CPU
		{F8BF14E2-85DA-4359-9624-B5DC74AC9FBD}.Release|x86.ActiveCfg = Release|Any CPU
		{F8BF14E2-85DA-4359-9624-B5DC74AC9FBD}.Release|x86.Build.0 = Release|Any CPU
		{21FD5292-F83D-4158-BEA0-3AD819847235}.Debug|Any CPU.ActiveCfg = Debug|Any CPU
		{21FD5292-F83D-4158-BEA0-3AD819847235}.Debug|Any CPU.Build.0 = Debug|Any CPU
		{21FD5292-F83D-4158-BEA0-3AD819847235}.Debug|arm64.ActiveCfg = Debug|Any CPU
		{21FD5292-F83D-4158-BEA0-3AD819847235}.Debug|arm64.Build.0 = Debug|Any CPU
		{21FD5292-F83D-4158-BEA0-3AD819847235}.Debug|x64.ActiveCfg = Debug|Any CPU
		{21FD5292-F83D-4158-BEA0-3AD819847235}.Debug|x64.Build.0 = Debug|Any CPU
		{21FD5292-F83D-4158-BEA0-3AD819847235}.Debug|x86.ActiveCfg = Debug|Any CPU
		{21FD5292-F83D-4158-BEA0-3AD819847235}.Debug|x86.Build.0 = Debug|Any CPU
		{21FD5292-F83D-4158-BEA0-3AD819847235}.Release|Any CPU.ActiveCfg = Release|Any CPU
		{21FD5292-F83D-4158-BEA0-3AD819847235}.Release|Any CPU.Build.0 = Release|Any CPU
		{21FD5292-F83D-4158-BEA0-3AD819847235}.Release|arm64.ActiveCfg = Release|Any CPU
		{21FD5292-F83D-4158-BEA0-3AD819847235}.Release|arm64.Build.0 = Release|Any CPU
		{21FD5292-F83D-4158-BEA0-3AD819847235}.Release|x64.ActiveCfg = Release|Any CPU
		{21FD5292-F83D-4158-BEA0-3AD819847235}.Release|x64.Build.0 = Release|Any CPU
		{21FD5292-F83D-4158-BEA0-3AD819847235}.Release|x86.ActiveCfg = Release|Any CPU
		{21FD5292-F83D-4158-BEA0-3AD819847235}.Release|x86.Build.0 = Release|Any CPU
		{06466110-2BB1-456C-B781-5D954729205C}.Debug|Any CPU.ActiveCfg = Debug|Any CPU
		{06466110-2BB1-456C-B781-5D954729205C}.Debug|Any CPU.Build.0 = Debug|Any CPU
		{06466110-2BB1-456C-B781-5D954729205C}.Debug|Any CPU.Deploy.0 = Debug|Any CPU
		{06466110-2BB1-456C-B781-5D954729205C}.Debug|arm64.ActiveCfg = Debug|Any CPU
		{06466110-2BB1-456C-B781-5D954729205C}.Debug|arm64.Build.0 = Debug|Any CPU
		{06466110-2BB1-456C-B781-5D954729205C}.Debug|arm64.Deploy.0 = Debug|Any CPU
		{06466110-2BB1-456C-B781-5D954729205C}.Debug|x64.ActiveCfg = Debug|Any CPU
		{06466110-2BB1-456C-B781-5D954729205C}.Debug|x64.Build.0 = Debug|Any CPU
		{06466110-2BB1-456C-B781-5D954729205C}.Debug|x64.Deploy.0 = Debug|Any CPU
		{06466110-2BB1-456C-B781-5D954729205C}.Debug|x86.ActiveCfg = Debug|Any CPU
		{06466110-2BB1-456C-B781-5D954729205C}.Debug|x86.Build.0 = Debug|Any CPU
		{06466110-2BB1-456C-B781-5D954729205C}.Debug|x86.Deploy.0 = Debug|Any CPU
		{06466110-2BB1-456C-B781-5D954729205C}.Release|Any CPU.ActiveCfg = Release|Any CPU
		{06466110-2BB1-456C-B781-5D954729205C}.Release|Any CPU.Build.0 = Release|Any CPU
		{06466110-2BB1-456C-B781-5D954729205C}.Release|Any CPU.Deploy.0 = Release|Any CPU
		{06466110-2BB1-456C-B781-5D954729205C}.Release|arm64.ActiveCfg = Release|Any CPU
		{06466110-2BB1-456C-B781-5D954729205C}.Release|arm64.Build.0 = Release|Any CPU
		{06466110-2BB1-456C-B781-5D954729205C}.Release|arm64.Deploy.0 = Release|Any CPU
		{06466110-2BB1-456C-B781-5D954729205C}.Release|x64.ActiveCfg = Release|Any CPU
		{06466110-2BB1-456C-B781-5D954729205C}.Release|x64.Build.0 = Release|Any CPU
		{06466110-2BB1-456C-B781-5D954729205C}.Release|x64.Deploy.0 = Release|Any CPU
		{06466110-2BB1-456C-B781-5D954729205C}.Release|x86.ActiveCfg = Release|Any CPU
		{06466110-2BB1-456C-B781-5D954729205C}.Release|x86.Build.0 = Release|Any CPU
		{06466110-2BB1-456C-B781-5D954729205C}.Release|x86.Deploy.0 = Release|Any CPU
		{2F583273-ABA6-4293-BE3F-4DD2C0F076ED}.Debug|Any CPU.ActiveCfg = Debug|Any CPU
		{2F583273-ABA6-4293-BE3F-4DD2C0F076ED}.Debug|Any CPU.Build.0 = Debug|Any CPU
		{2F583273-ABA6-4293-BE3F-4DD2C0F076ED}.Debug|arm64.ActiveCfg = Debug|Any CPU
		{2F583273-ABA6-4293-BE3F-4DD2C0F076ED}.Debug|arm64.Build.0 = Debug|Any CPU
		{2F583273-ABA6-4293-BE3F-4DD2C0F076ED}.Debug|x64.ActiveCfg = Debug|Any CPU
		{2F583273-ABA6-4293-BE3F-4DD2C0F076ED}.Debug|x64.Build.0 = Debug|Any CPU
		{2F583273-ABA6-4293-BE3F-4DD2C0F076ED}.Debug|x86.ActiveCfg = Debug|Any CPU
		{2F583273-ABA6-4293-BE3F-4DD2C0F076ED}.Debug|x86.Build.0 = Debug|Any CPU
		{2F583273-ABA6-4293-BE3F-4DD2C0F076ED}.Release|Any CPU.ActiveCfg = Release|Any CPU
		{2F583273-ABA6-4293-BE3F-4DD2C0F076ED}.Release|Any CPU.Build.0 = Release|Any CPU
		{2F583273-ABA6-4293-BE3F-4DD2C0F076ED}.Release|arm64.ActiveCfg = Release|Any CPU
		{2F583273-ABA6-4293-BE3F-4DD2C0F076ED}.Release|arm64.Build.0 = Release|Any CPU
		{2F583273-ABA6-4293-BE3F-4DD2C0F076ED}.Release|x64.ActiveCfg = Release|Any CPU
		{2F583273-ABA6-4293-BE3F-4DD2C0F076ED}.Release|x64.Build.0 = Release|Any CPU
		{2F583273-ABA6-4293-BE3F-4DD2C0F076ED}.Release|x86.ActiveCfg = Release|Any CPU
		{2F583273-ABA6-4293-BE3F-4DD2C0F076ED}.Release|x86.Build.0 = Release|Any CPU
		{1A77DAE1-6660-4FC4-977B-BD98A0550D06}.Debug|Any CPU.ActiveCfg = Debug|Any CPU
		{1A77DAE1-6660-4FC4-977B-BD98A0550D06}.Debug|Any CPU.Build.0 = Debug|Any CPU
		{1A77DAE1-6660-4FC4-977B-BD98A0550D06}.Debug|arm64.ActiveCfg = Debug|Any CPU
		{1A77DAE1-6660-4FC4-977B-BD98A0550D06}.Debug|arm64.Build.0 = Debug|Any CPU
		{1A77DAE1-6660-4FC4-977B-BD98A0550D06}.Debug|x64.ActiveCfg = Debug|Any CPU
		{1A77DAE1-6660-4FC4-977B-BD98A0550D06}.Debug|x64.Build.0 = Debug|Any CPU
		{1A77DAE1-6660-4FC4-977B-BD98A0550D06}.Debug|x86.ActiveCfg = Debug|Any CPU
		{1A77DAE1-6660-4FC4-977B-BD98A0550D06}.Debug|x86.Build.0 = Debug|Any CPU
		{1A77DAE1-6660-4FC4-977B-BD98A0550D06}.Release|Any CPU.ActiveCfg = Release|Any CPU
		{1A77DAE1-6660-4FC4-977B-BD98A0550D06}.Release|Any CPU.Build.0 = Release|Any CPU
		{1A77DAE1-6660-4FC4-977B-BD98A0550D06}.Release|arm64.ActiveCfg = Release|Any CPU
		{1A77DAE1-6660-4FC4-977B-BD98A0550D06}.Release|arm64.Build.0 = Release|Any CPU
		{1A77DAE1-6660-4FC4-977B-BD98A0550D06}.Release|x64.ActiveCfg = Release|Any CPU
		{1A77DAE1-6660-4FC4-977B-BD98A0550D06}.Release|x64.Build.0 = Release|Any CPU
		{1A77DAE1-6660-4FC4-977B-BD98A0550D06}.Release|x86.ActiveCfg = Release|Any CPU
		{1A77DAE1-6660-4FC4-977B-BD98A0550D06}.Release|x86.Build.0 = Release|Any CPU
		{1E24B7CE-8D25-474E-92BB-4E337CB04D12}.Debug|Any CPU.ActiveCfg = Debug|Any CPU
		{1E24B7CE-8D25-474E-92BB-4E337CB04D12}.Debug|Any CPU.Build.0 = Debug|Any CPU
		{1E24B7CE-8D25-474E-92BB-4E337CB04D12}.Debug|arm64.ActiveCfg = Debug|Any CPU
		{1E24B7CE-8D25-474E-92BB-4E337CB04D12}.Debug|arm64.Build.0 = Debug|Any CPU
		{1E24B7CE-8D25-474E-92BB-4E337CB04D12}.Debug|x64.ActiveCfg = Debug|Any CPU
		{1E24B7CE-8D25-474E-92BB-4E337CB04D12}.Debug|x64.Build.0 = Debug|Any CPU
		{1E24B7CE-8D25-474E-92BB-4E337CB04D12}.Debug|x86.ActiveCfg = Debug|Any CPU
		{1E24B7CE-8D25-474E-92BB-4E337CB04D12}.Debug|x86.Build.0 = Debug|Any CPU
		{1E24B7CE-8D25-474E-92BB-4E337CB04D12}.Release|Any CPU.ActiveCfg = Release|Any CPU
		{1E24B7CE-8D25-474E-92BB-4E337CB04D12}.Release|Any CPU.Build.0 = Release|Any CPU
		{1E24B7CE-8D25-474E-92BB-4E337CB04D12}.Release|arm64.ActiveCfg = Release|Any CPU
		{1E24B7CE-8D25-474E-92BB-4E337CB04D12}.Release|arm64.Build.0 = Release|Any CPU
		{1E24B7CE-8D25-474E-92BB-4E337CB04D12}.Release|x64.ActiveCfg = Release|Any CPU
		{1E24B7CE-8D25-474E-92BB-4E337CB04D12}.Release|x64.Build.0 = Release|Any CPU
		{1E24B7CE-8D25-474E-92BB-4E337CB04D12}.Release|x86.ActiveCfg = Release|Any CPU
		{1E24B7CE-8D25-474E-92BB-4E337CB04D12}.Release|x86.Build.0 = Release|Any CPU
		{F80FCA2A-30CF-4EED-B802-D777402E69FC}.Debug|Any CPU.ActiveCfg = Debug|Any CPU
		{F80FCA2A-30CF-4EED-B802-D777402E69FC}.Debug|Any CPU.Build.0 = Debug|Any CPU
		{F80FCA2A-30CF-4EED-B802-D777402E69FC}.Debug|arm64.ActiveCfg = Debug|Any CPU
		{F80FCA2A-30CF-4EED-B802-D777402E69FC}.Debug|arm64.Build.0 = Debug|Any CPU
		{F80FCA2A-30CF-4EED-B802-D777402E69FC}.Debug|x64.ActiveCfg = Debug|Any CPU
		{F80FCA2A-30CF-4EED-B802-D777402E69FC}.Debug|x64.Build.0 = Debug|Any CPU
		{F80FCA2A-30CF-4EED-B802-D777402E69FC}.Debug|x86.ActiveCfg = Debug|Any CPU
		{F80FCA2A-30CF-4EED-B802-D777402E69FC}.Debug|x86.Build.0 = Debug|Any CPU
		{F80FCA2A-30CF-4EED-B802-D777402E69FC}.Release|Any CPU.ActiveCfg = Release|Any CPU
		{F80FCA2A-30CF-4EED-B802-D777402E69FC}.Release|Any CPU.Build.0 = Release|Any CPU
		{F80FCA2A-30CF-4EED-B802-D777402E69FC}.Release|arm64.ActiveCfg = Release|Any CPU
		{F80FCA2A-30CF-4EED-B802-D777402E69FC}.Release|arm64.Build.0 = Release|Any CPU
		{F80FCA2A-30CF-4EED-B802-D777402E69FC}.Release|x64.ActiveCfg = Release|Any CPU
		{F80FCA2A-30CF-4EED-B802-D777402E69FC}.Release|x64.Build.0 = Release|Any CPU
		{F80FCA2A-30CF-4EED-B802-D777402E69FC}.Release|x86.ActiveCfg = Release|Any CPU
		{F80FCA2A-30CF-4EED-B802-D777402E69FC}.Release|x86.Build.0 = Release|Any CPU
		{D705AB3B-9B80-42CB-BF94-9D69D504126B}.Debug|Any CPU.ActiveCfg = Debug|Any CPU
		{D705AB3B-9B80-42CB-BF94-9D69D504126B}.Debug|Any CPU.Build.0 = Debug|Any CPU
		{D705AB3B-9B80-42CB-BF94-9D69D504126B}.Debug|arm64.ActiveCfg = Debug|Any CPU
		{D705AB3B-9B80-42CB-BF94-9D69D504126B}.Debug|arm64.Build.0 = Debug|Any CPU
		{D705AB3B-9B80-42CB-BF94-9D69D504126B}.Debug|x64.ActiveCfg = Debug|Any CPU
		{D705AB3B-9B80-42CB-BF94-9D69D504126B}.Debug|x64.Build.0 = Debug|Any CPU
		{D705AB3B-9B80-42CB-BF94-9D69D504126B}.Debug|x86.ActiveCfg = Debug|Any CPU
		{D705AB3B-9B80-42CB-BF94-9D69D504126B}.Debug|x86.Build.0 = Debug|Any CPU
		{D705AB3B-9B80-42CB-BF94-9D69D504126B}.Release|Any CPU.ActiveCfg = Release|Any CPU
		{D705AB3B-9B80-42CB-BF94-9D69D504126B}.Release|Any CPU.Build.0 = Release|Any CPU
		{D705AB3B-9B80-42CB-BF94-9D69D504126B}.Release|arm64.ActiveCfg = Release|Any CPU
		{D705AB3B-9B80-42CB-BF94-9D69D504126B}.Release|arm64.Build.0 = Release|Any CPU
		{D705AB3B-9B80-42CB-BF94-9D69D504126B}.Release|x64.ActiveCfg = Release|Any CPU
		{D705AB3B-9B80-42CB-BF94-9D69D504126B}.Release|x64.Build.0 = Release|Any CPU
		{D705AB3B-9B80-42CB-BF94-9D69D504126B}.Release|x86.ActiveCfg = Release|Any CPU
		{D705AB3B-9B80-42CB-BF94-9D69D504126B}.Release|x86.Build.0 = Release|Any CPU
		{B34126B3-4BA7-46EE-AAFA-23CD8B4950F0}.Debug|Any CPU.ActiveCfg = Debug|Any CPU
		{B34126B3-4BA7-46EE-AAFA-23CD8B4950F0}.Debug|Any CPU.Build.0 = Debug|Any CPU
		{B34126B3-4BA7-46EE-AAFA-23CD8B4950F0}.Debug|arm64.ActiveCfg = Debug|Any CPU
		{B34126B3-4BA7-46EE-AAFA-23CD8B4950F0}.Debug|arm64.Build.0 = Debug|Any CPU
		{B34126B3-4BA7-46EE-AAFA-23CD8B4950F0}.Debug|x64.ActiveCfg = Debug|Any CPU
		{B34126B3-4BA7-46EE-AAFA-23CD8B4950F0}.Debug|x64.Build.0 = Debug|Any CPU
		{B34126B3-4BA7-46EE-AAFA-23CD8B4950F0}.Debug|x86.ActiveCfg = Debug|Any CPU
		{B34126B3-4BA7-46EE-AAFA-23CD8B4950F0}.Debug|x86.Build.0 = Debug|Any CPU
		{B34126B3-4BA7-46EE-AAFA-23CD8B4950F0}.Release|Any CPU.ActiveCfg = Release|Any CPU
		{B34126B3-4BA7-46EE-AAFA-23CD8B4950F0}.Release|Any CPU.Build.0 = Release|Any CPU
		{B34126B3-4BA7-46EE-AAFA-23CD8B4950F0}.Release|arm64.ActiveCfg = Release|Any CPU
		{B34126B3-4BA7-46EE-AAFA-23CD8B4950F0}.Release|arm64.Build.0 = Release|Any CPU
		{B34126B3-4BA7-46EE-AAFA-23CD8B4950F0}.Release|x64.ActiveCfg = Release|Any CPU
		{B34126B3-4BA7-46EE-AAFA-23CD8B4950F0}.Release|x64.Build.0 = Release|Any CPU
		{B34126B3-4BA7-46EE-AAFA-23CD8B4950F0}.Release|x86.ActiveCfg = Release|Any CPU
		{B34126B3-4BA7-46EE-AAFA-23CD8B4950F0}.Release|x86.Build.0 = Release|Any CPU
		{39E84C85-B5B6-479C-B72C-4A7C6A602F77}.Debug|Any CPU.ActiveCfg = Debug|Any CPU
		{39E84C85-B5B6-479C-B72C-4A7C6A602F77}.Debug|Any CPU.Build.0 = Debug|Any CPU
		{39E84C85-B5B6-479C-B72C-4A7C6A602F77}.Debug|arm64.ActiveCfg = Debug|Any CPU
		{39E84C85-B5B6-479C-B72C-4A7C6A602F77}.Debug|arm64.Build.0 = Debug|Any CPU
		{39E84C85-B5B6-479C-B72C-4A7C6A602F77}.Debug|x64.ActiveCfg = Debug|Any CPU
		{39E84C85-B5B6-479C-B72C-4A7C6A602F77}.Debug|x64.Build.0 = Debug|Any CPU
		{39E84C85-B5B6-479C-B72C-4A7C6A602F77}.Debug|x86.ActiveCfg = Debug|Any CPU
		{39E84C85-B5B6-479C-B72C-4A7C6A602F77}.Debug|x86.Build.0 = Debug|Any CPU
		{39E84C85-B5B6-479C-B72C-4A7C6A602F77}.Release|Any CPU.ActiveCfg = Release|Any CPU
		{39E84C85-B5B6-479C-B72C-4A7C6A602F77}.Release|Any CPU.Build.0 = Release|Any CPU
		{39E84C85-B5B6-479C-B72C-4A7C6A602F77}.Release|arm64.ActiveCfg = Release|Any CPU
		{39E84C85-B5B6-479C-B72C-4A7C6A602F77}.Release|arm64.Build.0 = Release|Any CPU
		{39E84C85-B5B6-479C-B72C-4A7C6A602F77}.Release|x64.ActiveCfg = Release|Any CPU
		{39E84C85-B5B6-479C-B72C-4A7C6A602F77}.Release|x64.Build.0 = Release|Any CPU
		{39E84C85-B5B6-479C-B72C-4A7C6A602F77}.Release|x86.ActiveCfg = Release|Any CPU
		{39E84C85-B5B6-479C-B72C-4A7C6A602F77}.Release|x86.Build.0 = Release|Any CPU
		{CD94030E-429E-48C4-B452-0C9A1A6BF15B}.Debug|Any CPU.ActiveCfg = Debug|Any CPU
		{CD94030E-429E-48C4-B452-0C9A1A6BF15B}.Debug|Any CPU.Build.0 = Debug|Any CPU
		{CD94030E-429E-48C4-B452-0C9A1A6BF15B}.Debug|arm64.ActiveCfg = Debug|Any CPU
		{CD94030E-429E-48C4-B452-0C9A1A6BF15B}.Debug|arm64.Build.0 = Debug|Any CPU
		{CD94030E-429E-48C4-B452-0C9A1A6BF15B}.Debug|x64.ActiveCfg = Debug|Any CPU
		{CD94030E-429E-48C4-B452-0C9A1A6BF15B}.Debug|x64.Build.0 = Debug|Any CPU
		{CD94030E-429E-48C4-B452-0C9A1A6BF15B}.Debug|x86.ActiveCfg = Debug|Any CPU
		{CD94030E-429E-48C4-B452-0C9A1A6BF15B}.Debug|x86.Build.0 = Debug|Any CPU
		{CD94030E-429E-48C4-B452-0C9A1A6BF15B}.Release|Any CPU.ActiveCfg = Release|Any CPU
		{CD94030E-429E-48C4-B452-0C9A1A6BF15B}.Release|Any CPU.Build.0 = Release|Any CPU
		{CD94030E-429E-48C4-B452-0C9A1A6BF15B}.Release|arm64.ActiveCfg = Release|Any CPU
		{CD94030E-429E-48C4-B452-0C9A1A6BF15B}.Release|arm64.Build.0 = Release|Any CPU
		{CD94030E-429E-48C4-B452-0C9A1A6BF15B}.Release|x64.ActiveCfg = Release|Any CPU
		{CD94030E-429E-48C4-B452-0C9A1A6BF15B}.Release|x64.Build.0 = Release|Any CPU
		{CD94030E-429E-48C4-B452-0C9A1A6BF15B}.Release|x86.ActiveCfg = Release|Any CPU
		{CD94030E-429E-48C4-B452-0C9A1A6BF15B}.Release|x86.Build.0 = Release|Any CPU
	EndGlobalSection
	GlobalSection(SolutionProperties) = preSolution
		HideSolutionNode = FALSE
	EndGlobalSection
	GlobalSection(NestedProjects) = preSolution
		{A6A9F126-D8FE-460C-8ABF-876A2F217E95} = {717E63B3-7374-432E-9273-136E2A227667}
		{618CD20D-A14E-4A9B-9160-0E6B68644263} = {717E63B3-7374-432E-9273-136E2A227667}
		{073CC380-E344-484D-A9DD-2A920074B45F} = {717E63B3-7374-432E-9273-136E2A227667}
		{C1C747C8-62D6-47C9-8F17-5AD2B8DFD66E} = {5E6B4A52-E833-42F8-A826-47CDFE85A423}
		{0FC71BFD-96E7-4386-8CF9-5E4FF7ABE0DB} = {5E6B4A52-E833-42F8-A826-47CDFE85A423}
		{8DD43923-6FB0-4056-904C-07DA345C57EF} = {5E6B4A52-E833-42F8-A826-47CDFE85A423}
		{9DA5FBF6-DC2E-48CE-A57D-FCA4FB7B9A07} = {2FDFF985-096A-4BED-A273-192F34BE9366}
		{C259D50D-74A3-4BD5-AB2D-A5906664F46E} = {2FDFF985-096A-4BED-A273-192F34BE9366}
		{0A05F374-713F-4D5A-A3C5-273F52AD5F78} = {2FDFF985-096A-4BED-A273-192F34BE9366}
		{D1BB81CE-FDB9-421E-840F-3DEF26574DCB} = {E18125F1-5D53-4187-A192-2FE7AF343AE4}
		{377E8F31-ED6E-4F72-A8BE-622E6B8CA86B} = {E18125F1-5D53-4187-A192-2FE7AF343AE4}
		{AA9C454F-A088-435B-BF86-F641E4C7AC38} = {E18125F1-5D53-4187-A192-2FE7AF343AE4}
		{96D64434-3AFA-4E43-B64E-4A23D61DD2C1} = {CBCD8659-4BD5-4D07-B93F-95C113956017}
		{F8BF14E2-85DA-4359-9624-B5DC74AC9FBD} = {CBCD8659-4BD5-4D07-B93F-95C113956017}
		{21FD5292-F83D-4158-BEA0-3AD819847235} = {CBCD8659-4BD5-4D07-B93F-95C113956017}
		{06466110-2BB1-456C-B781-5D954729205C} = {CBCD8659-4BD5-4D07-B93F-95C113956017}
		{1E24B7CE-8D25-474E-92BB-4E337CB04D12} = {85B55735-7DDC-4708-9030-F1078C24B2D0}
		{F80FCA2A-30CF-4EED-B802-D777402E69FC} = {85B55735-7DDC-4708-9030-F1078C24B2D0}
		{D705AB3B-9B80-42CB-BF94-9D69D504126B} = {85B55735-7DDC-4708-9030-F1078C24B2D0}
		{B34126B3-4BA7-46EE-AAFA-23CD8B4950F0} = {E7270615-5C2C-4789-9FD9-D89BD3CF3E93}
		{39E84C85-B5B6-479C-B72C-4A7C6A602F77} = {E7270615-5C2C-4789-9FD9-D89BD3CF3E93}
		{CD94030E-429E-48C4-B452-0C9A1A6BF15B} = {E7270615-5C2C-4789-9FD9-D89BD3CF3E93}
	EndGlobalSection
	GlobalSection(ExtensibilityGlobals) = postSolution
		SolutionGuid = {BED38DCB-7976-476B-B85A-0D7B83563A51}
	EndGlobalSection
EndGlobal
