
Microsoft Visual Studio Solution File, Format Version 12.00
# Visual Studio Version 17
VisualStudioVersion = 17.0.31903.59
MinimumVisualStudioVersion = 10.0.40219.1
Project("{F2A71F9B-5D33-465A-A702-920D77279786}") = "Fun.SunUI.Core", "Fun.SunUI.Core\Fun.SunUI.Core.fsproj", "{89E46331-258C-4F7A-9CB4-63748408A9F2}"
EndProject
Project("{F2A71F9B-5D33-465A-A702-920D77279786}") = "Fun.SunUI.ModernForms", "Fun.SunUI.ModernForms\Fun.SunUI.ModernForms.fsproj", "{6F515D20-EC5E-4AEC-ACDE-7C19E43DC6B7}"
EndProject
Project("{F2A71F9B-5D33-465A-A702-920D77279786}") = "Fun.SunUI.ModernForms.Demo", "Fun.SunUI.ModernForms.Demo\Fun.SunUI.ModernForms.Demo.fsproj", "{4C8017B4-3CB2-4541-A263-0501163C7C50}"
EndProject
Global
	GlobalSection(SolutionConfigurationPlatforms) = preSolution
		Debug|Any CPU = Debug|Any CPU
		Release|Any CPU = Release|Any CPU
	EndGlobalSection
	GlobalSection(ProjectConfigurationPlatforms) = postSolution
		{89E46331-258C-4F7A-9CB4-63748408A9F2}.Debug|Any CPU.ActiveCfg = Debug|Any CPU
		{89E46331-258C-4F7A-9CB4-63748408A9F2}.Debug|Any CPU.Build.0 = Debug|Any CPU
		{89E46331-258C-4F7A-9CB4-63748408A9F2}.Release|Any CPU.ActiveCfg = Release|Any CPU
		{89E46331-258C-4F7A-9CB4-63748408A9F2}.Release|Any CPU.Build.0 = Release|Any CPU
		{6F515D20-EC5E-4AEC-ACDE-7C19E43DC6B7}.Debug|Any CPU.ActiveCfg = Debug|Any CPU
		{6F515D20-EC5E-4AEC-ACDE-7C19E43DC6B7}.Debug|Any CPU.Build.0 = Debug|Any CPU
		{6F515D20-EC5E-4AEC-ACDE-7C19E43DC6B7}.Release|Any CPU.ActiveCfg = Release|Any CPU
		{6F515D20-EC5E-4AEC-ACDE-7C19E43DC6B7}.Release|Any CPU.Build.0 = Release|Any CPU
		{4C8017B4-3CB2-4541-A263-0501163C7C50}.Debug|Any CPU.ActiveCfg = Debug|Any CPU
		{4C8017B4-3CB2-4541-A263-0501163C7C50}.Debug|Any CPU.Build.0 = Debug|Any CPU
		{4C8017B4-3CB2-4541-A263-0501163C7C50}.Release|Any CPU.ActiveCfg = Release|Any CPU
		{4C8017B4-3CB2-4541-A263-0501163C7C50}.Release|Any CPU.Build.0 = Release|Any CPU
	EndGlobalSection
	GlobalSection(SolutionProperties) = preSolution
		HideSolutionNode = FALSE
	EndGlobalSection
	GlobalSection(ExtensibilityGlobals) = postSolution
		SolutionGuid = {B6886655-AF58-4CE1-981C-027850758005}
	EndGlobalSection
EndGlobal
